
Microsoft Visual Studio Solution File, Format Version 12.00
# Visual Studio 15
VisualStudioVersion = 15.0.28010.2026
MinimumVisualStudioVersion = 10.0.40219.1
Project("{8BC9CEB8-8B4A-11D0-8D11-00A0C91BC942}") = "04-functions", "04-functions\04-functions.vcxproj", "{CA212096-1C05-41E6-86CA-6C4A75A453DC}"
EndProject
Project("{8BC9CEB8-8B4A-11D0-8D11-00A0C91BC942}") = "01-linear-program", "01-linear-program\01-linear-program.vcxproj", "{03CCBA29-7D9D-48B4-898F-17F76F5DB9A8}"
EndProject
Project("{8BC9CEB8-8B4A-11D0-8D11-00A0C91BC942}") = "02-conditionals-loops-1", "02-conditionals-loops-1\02-conditionals-loops-1.vcxproj", "{DAECFBA3-02E6-480C-A7A2-47243FC9C1F7}"
EndProject
Project("{8BC9CEB8-8B4A-11D0-8D11-00A0C91BC942}") = "03-conditionals-loops-2", "03-conditionals-loops-2\03-conditionals-loops-2.vcxproj", "{306D58B8-9CB5-4431-B5A3-ECF52C279D1F}"
EndProject
Project("{8BC9CEB8-8B4A-11D0-8D11-00A0C91BC942}") = "05-arrays-1d", "05-arrays-1d\05-arrays-1d.vcxproj", "{99FA9B29-7ED8-4306-AB61-44F0BD5F8460}"
EndProject
Project("{8BC9CEB8-8B4A-11D0-8D11-00A0C91BC942}") = "06-arrays-2d", "06-arrays-2d\06-arrays-2d.vcxproj", "{A1F0417B-5DB1-45DE-90AC-79D2F34AC85B}"
EndProject
Project("{8BC9CEB8-8B4A-11D0-8D11-00A0C91BC942}") = "07-strings", "07-strings\07-strings.vcxproj", "{085BB496-CDF6-43B0-8AC6-5C8163DA26DA}"
EndProject
Project("{8BC9CEB8-8B4A-11D0-8D11-00A0C91BC942}") = "08-structures", "08-structures\08-structures.vcxproj", "{7FF2B82A-5330-45D6-B60F-6A3A10D17D92}"
EndProject
Project("{8BC9CEB8-8B4A-11D0-8D11-00A0C91BC942}") = "09-multi-file-project", "09-multi-file-project\09-multi-file-project.vcxproj", "{46D005BF-DBB3-43C0-A454-12DE559C074E}"
EndProject
Project("{8BC9CEB8-8B4A-11D0-8D11-00A0C91BC942}") = "10-templates", "10-templates\10-templates.vcxproj", "{CC63F0EB-2F99-472D-AA03-984E5C2BCA50}"
EndProject
Global
	GlobalSection(SolutionConfigurationPlatforms) = preSolution
		Debug|x64 = Debug|x64
		Debug|x86 = Debug|x86
		Release|x64 = Release|x64
		Release|x86 = Release|x86
	EndGlobalSection
	GlobalSection(ProjectConfigurationPlatforms) = postSolution
		{CA212096-1C05-41E6-86CA-6C4A75A453DC}.Debug|x64.ActiveCfg = Debug|x64
		{CA212096-1C05-41E6-86CA-6C4A75A453DC}.Debug|x64.Build.0 = Debug|x64
		{CA212096-1C05-41E6-86CA-6C4A75A453DC}.Debug|x86.ActiveCfg = Debug|Win32
		{CA212096-1C05-41E6-86CA-6C4A75A453DC}.Debug|x86.Build.0 = Debug|Win32
		{CA212096-1C05-41E6-86CA-6C4A75A453DC}.Release|x64.ActiveCfg = Release|x64
		{CA212096-1C05-41E6-86CA-6C4A75A453DC}.Release|x64.Build.0 = Release|x64
		{CA212096-1C05-41E6-86CA-6C4A75A453DC}.Release|x86.ActiveCfg = Release|Win32
		{CA212096-1C05-41E6-86CA-6C4A75A453DC}.Release|x86.Build.0 = Release|Win32
		{03CCBA29-7D9D-48B4-898F-17F76F5DB9A8}.Debug|x64.ActiveCfg = Debug|x64
		{03CCBA29-7D9D-48B4-898F-17F76F5DB9A8}.Debug|x64.Build.0 = Debug|x64
		{03CCBA29-7D9D-48B4-898F-17F76F5DB9A8}.Debug|x86.ActiveCfg = Debug|Win32
		{03CCBA29-7D9D-48B4-898F-17F76F5DB9A8}.Debug|x86.Build.0 = Debug|Win32
		{03CCBA29-7D9D-48B4-898F-17F76F5DB9A8}.Release|x64.ActiveCfg = Release|x64
		{03CCBA29-7D9D-48B4-898F-17F76F5DB9A8}.Release|x64.Build.0 = Release|x64
		{03CCBA29-7D9D-48B4-898F-17F76F5DB9A8}.Release|x86.ActiveCfg = Release|Win32
		{03CCBA29-7D9D-48B4-898F-17F76F5DB9A8}.Release|x86.Build.0 = Release|Win32
		{DAECFBA3-02E6-480C-A7A2-47243FC9C1F7}.Debug|x64.ActiveCfg = Debug|x64
		{DAECFBA3-02E6-480C-A7A2-47243FC9C1F7}.Debug|x64.Build.0 = Debug|x64
		{DAECFBA3-02E6-480C-A7A2-47243FC9C1F7}.Debug|x86.ActiveCfg = Debug|Win32
		{DAECFBA3-02E6-480C-A7A2-47243FC9C1F7}.Debug|x86.Build.0 = Debug|Win32
		{DAECFBA3-02E6-480C-A7A2-47243FC9C1F7}.Release|x64.ActiveCfg = Release|x64
		{DAECFBA3-02E6-480C-A7A2-47243FC9C1F7}.Release|x64.Build.0 = Release|x64
		{DAECFBA3-02E6-480C-A7A2-47243FC9C1F7}.Release|x86.ActiveCfg = Release|Win32
		{DAECFBA3-02E6-480C-A7A2-47243FC9C1F7}.Release|x86.Build.0 = Release|Win32
		{306D58B8-9CB5-4431-B5A3-ECF52C279D1F}.Debug|x64.ActiveCfg = Debug|x64
		{306D58B8-9CB5-4431-B5A3-ECF52C279D1F}.Debug|x64.Build.0 = Debug|x64
		{306D58B8-9CB5-4431-B5A3-ECF52C279D1F}.Debug|x86.ActiveCfg = Debug|Win32
		{306D58B8-9CB5-4431-B5A3-ECF52C279D1F}.Debug|x86.Build.0 = Debug|Win32
		{306D58B8-9CB5-4431-B5A3-ECF52C279D1F}.Release|x64.ActiveCfg = Release|x64
		{306D58B8-9CB5-4431-B5A3-ECF52C279D1F}.Release|x64.Build.0 = Release|x64
		{306D58B8-9CB5-4431-B5A3-ECF52C279D1F}.Release|x86.ActiveCfg = Release|Win32
		{306D58B8-9CB5-4431-B5A3-ECF52C279D1F}.Release|x86.Build.0 = Release|Win32
		{99FA9B29-7ED8-4306-AB61-44F0BD5F8460}.Debug|x64.ActiveCfg = Debug|x64
		{99FA9B29-7ED8-4306-AB61-44F0BD5F8460}.Debug|x64.Build.0 = Debug|x64
		{99FA9B29-7ED8-4306-AB61-44F0BD5F8460}.Debug|x86.ActiveCfg = Debug|Win32
		{99FA9B29-7ED8-4306-AB61-44F0BD5F8460}.Debug|x86.Build.0 = Debug|Win32
		{99FA9B29-7ED8-4306-AB61-44F0BD5F8460}.Release|x64.ActiveCfg = Release|x64
		{99FA9B29-7ED8-4306-AB61-44F0BD5F8460}.Release|x64.Build.0 = Release|x64
		{99FA9B29-7ED8-4306-AB61-44F0BD5F8460}.Release|x86.ActiveCfg = Release|Win32
		{99FA9B29-7ED8-4306-AB61-44F0BD5F8460}.Release|x86.Build.0 = Release|Win32
		{A1F0417B-5DB1-45DE-90AC-79D2F34AC85B}.Debug|x64.ActiveCfg = Debug|x64
		{A1F0417B-5DB1-45DE-90AC-79D2F34AC85B}.Debug|x64.Build.0 = Debug|x64
		{A1F0417B-5DB1-45DE-90AC-79D2F34AC85B}.Debug|x86.ActiveCfg = Debug|Win32
		{A1F0417B-5DB1-45DE-90AC-79D2F34AC85B}.Debug|x86.Build.0 = Debug|Win32
		{A1F0417B-5DB1-45DE-90AC-79D2F34AC85B}.Release|x64.ActiveCfg = Release|x64
		{A1F0417B-5DB1-45DE-90AC-79D2F34AC85B}.Release|x64.Build.0 = Release|x64
		{A1F0417B-5DB1-45DE-90AC-79D2F34AC85B}.Release|x86.ActiveCfg = Release|Win32
		{A1F0417B-5DB1-45DE-90AC-79D2F34AC85B}.Release|x86.Build.0 = Release|Win32
		{085BB496-CDF6-43B0-8AC6-5C8163DA26DA}.Debug|x64.ActiveCfg = Debug|x64
		{085BB496-CDF6-43B0-8AC6-5C8163DA26DA}.Debug|x64.Build.0 = Debug|x64
		{085BB496-CDF6-43B0-8AC6-5C8163DA26DA}.Debug|x86.ActiveCfg = Debug|Win32
		{085BB496-CDF6-43B0-8AC6-5C8163DA26DA}.Debug|x86.Build.0 = Debug|Win32
		{085BB496-CDF6-43B0-8AC6-5C8163DA26DA}.Release|x64.ActiveCfg = Release|x64
		{085BB496-CDF6-43B0-8AC6-5C8163DA26DA}.Release|x64.Build.0 = Release|x64
		{085BB496-CDF6-43B0-8AC6-5C8163DA26DA}.Release|x86.ActiveCfg = Release|Win32
		{085BB496-CDF6-43B0-8AC6-5C8163DA26DA}.Release|x86.Build.0 = Release|Win32
		{7FF2B82A-5330-45D6-B60F-6A3A10D17D92}.Debug|x64.ActiveCfg = Debug|x64
		{7FF2B82A-5330-45D6-B60F-6A3A10D17D92}.Debug|x64.Build.0 = Debug|x64
		{7FF2B82A-5330-45D6-B60F-6A3A10D17D92}.Debug|x86.ActiveCfg = Debug|Win32
		{7FF2B82A-5330-45D6-B60F-6A3A10D17D92}.Debug|x86.Build.0 = Debug|Win32
		{7FF2B82A-5330-45D6-B60F-6A3A10D17D92}.Release|x64.ActiveCfg = Release|x64
		{7FF2B82A-5330-45D6-B60F-6A3A10D17D92}.Release|x64.Build.0 = Release|x64
		{7FF2B82A-5330-45D6-B60F-6A3A10D17D92}.Release|x86.ActiveCfg = Release|Win32
		{7FF2B82A-5330-45D6-B60F-6A3A10D17D92}.Release|x86.Build.0 = Release|Win32
		{46D005BF-DBB3-43C0-A454-12DE559C074E}.Debug|x64.ActiveCfg = Debug|x64
		{46D005BF-DBB3-43C0-A454-12DE559C074E}.Debug|x64.Build.0 = Debug|x64
		{46D005BF-DBB3-43C0-A454-12DE559C074E}.Debug|x86.ActiveCfg = Debug|Win32
		{46D005BF-DBB3-43C0-A454-12DE559C074E}.Debug|x86.Build.0 = Debug|Win32
		{46D005BF-DBB3-43C0-A454-12DE559C074E}.Release|x64.ActiveCfg = Release|x64
		{46D005BF-DBB3-43C0-A454-12DE559C074E}.Release|x64.Build.0 = Release|x64
		{46D005BF-DBB3-43C0-A454-12DE559C074E}.Release|x86.ActiveCfg = Release|Win32
		{46D005BF-DBB3-43C0-A454-12DE559C074E}.Release|x86.Build.0 = Release|Win32
		{CC63F0EB-2F99-472D-AA03-984E5C2BCA50}.Debug|x64.ActiveCfg = Debug|x64
		{CC63F0EB-2F99-472D-AA03-984E5C2BCA50}.Debug|x64.Build.0 = Debug|x64
		{CC63F0EB-2F99-472D-AA03-984E5C2BCA50}.Debug|x86.ActiveCfg = Debug|Win32
		{CC63F0EB-2F99-472D-AA03-984E5C2BCA50}.Debug|x86.Build.0 = Debug|Win32
		{CC63F0EB-2F99-472D-AA03-984E5C2BCA50}.Release|x64.ActiveCfg = Release|x64
		{CC63F0EB-2F99-472D-AA03-984E5C2BCA50}.Release|x64.Build.0 = Release|x64
		{CC63F0EB-2F99-472D-AA03-984E5C2BCA50}.Release|x86.ActiveCfg = Release|Win32
		{CC63F0EB-2F99-472D-AA03-984E5C2BCA50}.Release|x86.Build.0 = Release|Win32
	EndGlobalSection
	GlobalSection(SolutionProperties) = preSolution
		HideSolutionNode = FALSE
	EndGlobalSection
	GlobalSection(ExtensibilityGlobals) = postSolution
		SolutionGuid = {69F5C7B2-4973-4926-BC65-6796687B3906}
	EndGlobalSection
EndGlobal
